{
	"name": "@shortcuts/core",
	"version": "1.0.0",
	"lockfileVersion": 1,
	"requires": true,
	"dependencies": {
		"browser-detect": {
			"version": "0.2.28",
			"resolved": "https://registry.npmmirror.com/browser-detect/download/browser-detect-0.2.28.tgz",
			"integrity": "sha1-Voj8IvY4OQYU6+pGRkg0A/sg6/s=",
			"requires": {
				"core-js": "^2.5.7"
			}
		},
		"core-js": {
			"version": "2.6.12",
			"resolved": "https://registry.npmmirror.com/core-js/download/core-js-2.6.12.tgz",
			"integrity": "sha1-2TM9+nsGXjR8xWgiGdb2kIWcwuw="
		}
	}
}
